
Microsoft Visual Studio Solution File, Format Version 11.00
# Visual Studio 2010
Project("{F184B08F-C81C-45F6-A57F-5ABD9991F28F}") = "AutoCompleteSyncfusion", "AutoCompleteSyncfusion\AutoCompleteSyncfusion.vbproj", "{53B2AB09-DBE2-448E-B105-ED6C479A5121}"
EndProject
Global
	GlobalSection(SolutionConfigurationPlatforms) = preSolution
		Debug|x86 = Debug|x86
		Release|x86 = Release|x86
	EndGlobalSection
	GlobalSection(ProjectConfigurationPlatforms) = postSolution
		{53B2AB09-DBE2-448E-B105-ED6C479A5121}.Debug|x86.ActiveCfg = Debug|x86
		{53B2AB09-DBE2-448E-B105-ED6C479A5121}.Debug|x86.Build.0 = Debug|x86
		{53B2AB09-DBE2-448E-B105-ED6C479A5121}.Release|x86.ActiveCfg = Release|x86
		{53B2AB09-DBE2-448E-B105-ED6C479A5121}.Release|x86.Build.0 = Release|x86
	EndGlobalSection
	GlobalSection(SolutionProperties) = preSolution
		HideSolutionNode = FALSE
	EndGlobalSection
EndGlobal
